// !$*UTF8*$!
{
	archiveVersion = 1;
	classes = {
	};
	objectVersion = 46;
	objects = {

/* Begin PBXBuildFile section */
		6B26F4A21E8635060048BD84 /* AppDelegate.swift in Sources */ = {isa = PBXBuildFile; fileRef = 6B26F4A11E8635060048BD84 /* AppDelegate.swift */; };
		6B26F4A71E8635060048BD84 /* Main.storyboard in Resources */ = {isa = PBXBuildFile; fileRef = 6B26F4A51E8635060048BD84 /* Main.storyboard */; };
		6B26F4A91E8635060048BD84 /* Assets.xcassets in Resources */ = {isa = PBXBuildFile; fileRef = 6B26F4A81E8635060048BD84 /* Assets.xcassets */; };
		6B26F4AC1E8635060048BD84 /* LaunchScreen.storyboard in Resources */ = {isa = PBXBuildFile; fileRef = 6B26F4AA1E8635060048BD84 /* LaunchScreen.storyboard */; };
		6B26F4B51E8636A20048BD84 /* Message.storyboard in Resources */ = {isa = PBXBuildFile; fileRef = 6B26F4B31E8636A20048BD84 /* Message.storyboard */; };
		6B26F4B71E8637200048BD84 /* Linkman.storyboard in Resources */ = {isa = PBXBuildFile; fileRef = 6B26F4B61E8637200048BD84 /* Linkman.storyboard */; };
		6B26F4BA1E8637620048BD84 /* Dynamic.storyboard in Resources */ = {isa = PBXBuildFile; fileRef = 6B26F4B81E8637620048BD84 /* Dynamic.storyboard */; };
		6B5719811E87CB3E004D89DC /* MessageViewController.swift in Sources */ = {isa = PBXBuildFile; fileRef = 6B5719801E87CB3E004D89DC /* MessageViewController.swift */; };
		6BB0DC081E86806F005B300D /* MainViewController.swift in Sources */ = {isa = PBXBuildFile; fileRef = 6BB0DC071E86806F005B300D /* MainViewController.swift */; };
		6BB0DC0A1E86D2BE005B300D /* DrawerViewController.swift in Sources */ = {isa = PBXBuildFile; fileRef = 6BB0DC091E86D2BE005B300D /* DrawerViewController.swift */; };
		6BB0DC0C1E86D2E0005B300D /* LeftMenuViewController.swift in Sources */ = {isa = PBXBuildFile; fileRef = 6BB0DC0B1E86D2E0005B300D /* LeftMenuViewController.swift */; };
		6BE5C7F51E890C72004543B7 /* PopViewController.swift in Sources */ = {isa = PBXBuildFile; fileRef = 6BE5C7F41E890C72004543B7 /* PopViewController.swift */; };
/* End PBXBuildFile section */

/* Begin PBXFileReference section */
		6B26F49E1E8635060048BD84 /* DrawerResult.app */ = {isa = PBXFileReference; explicitFileType = wrapper.application; includeInIndex = 0; path = DrawerResult.app; sourceTree = BUILT_PRODUCTS_DIR; };
		6B26F4A11E8635060048BD84 /* AppDelegate.swift */ = {isa = PBXFileReference; lastKnownFileType = sourcecode.swift; path = AppDelegate.swift; sourceTree = "<group>"; };
		6B26F4A61E8635060048BD84 /* Base */ = {isa = PBXFileReference; lastKnownFileType = file.storyboard; name = Base; path = Base.lproj/Main.storyboard; sourceTree = "<group>"; };
		6B26F4A81E8635060048BD84 /* Assets.xcassets */ = {isa = PBXFileReference; lastKnownFileType = folder.assetcatalog; path = Assets.xcassets; sourceTree = "<group>"; };
		6B26F4AB1E8635060048BD84 /* Base */ = {isa = PBXFileReference; lastKnownFileType = file.storyboard; name = Base; path = Base.lproj/LaunchScreen.storyboard; sourceTree = "<group>"; };
		6B26F4AD1E8635060048BD84 /* Info.plist */ = {isa = PBXFileReference; lastKnownFileType = text.plist.xml; path = Info.plist; sourceTree = "<group>"; };
		6B26F4B41E8636A20048BD84 /* Base */ = {isa = PBXFileReference; lastKnownFileType = file.storyboard; name = Base; path = Base.lproj/Message.storyboard; sourceTree = "<group>"; };
		6B26F4B61E8637200048BD84 /* Linkman.storyboard */ = {isa = PBXFileReference; fileEncoding = 4; lastKnownFileType = file.storyboard; path = Linkman.storyboard; sourceTree = "<group>"; };
		6B26F4B91E8637620048BD84 /* Base */ = {isa = PBXFileReference; lastKnownFileType = file.storyboard; name = Base; path = Base.lproj/Dynamic.storyboard; sourceTree = "<group>"; };
		6B5719801E87CB3E004D89DC /* MessageViewController.swift */ = {isa = PBXFileReference; fileEncoding = 4; lastKnownFileType = sourcecode.swift; path = MessageViewController.swift; sourceTree = "<group>"; };
		6BB0DC071E86806F005B300D /* MainViewController.swift */ = {isa = PBXFileReference; fileEncoding = 4; lastKnownFileType = sourcecode.swift; path = MainViewController.swift; sourceTree = "<group>"; };
		6BB0DC091E86D2BE005B300D /* DrawerViewController.swift */ = {isa = PBXFileReference; fileEncoding = 4; lastKnownFileType = sourcecode.swift; path = DrawerViewController.swift; sourceTree = "<group>"; };
		6BB0DC0B1E86D2E0005B300D /* LeftMenuViewController.swift */ = {isa = PBXFileReference; fileEncoding = 4; lastKnownFileType = sourcecode.swift; path = LeftMenuViewController.swift; sourceTree = "<group>"; };
		6BE5C7F41E890C72004543B7 /* PopViewController.swift */ = {isa = PBXFileReference; fileEncoding = 4; lastKnownFileType = sourcecode.swift; path = PopViewController.swift; sourceTree = "<group>"; };
/* End PBXFileReference section */

/* Begin PBXFrameworksBuildPhase section */
		6B26F49B1E8635060048BD84 /* Frameworks */ = {
			isa = PBXFrameworksBuildPhase;
			buildActionMask = 2147483647;
			files = (
			);
			runOnlyForDeploymentPostprocessing = 0;
		};
/* End PBXFrameworksBuildPhase section */

/* Begin PBXGroup section */
		6B26F4951E8635060048BD84 = {
			isa = PBXGroup;
			children = (
				6B26F4A01E8635060048BD84 /* DrawerResult */,
				6B26F49F1E8635060048BD84 /* Products */,
			);
			sourceTree = "<group>";
		};
		6B26F49F1E8635060048BD84 /* Products */ = {
			isa = PBXGroup;
			children = (
				6B26F49E1E8635060048BD84 /* DrawerResult.app */,
			);
			name = Products;
			sourceTree = "<group>";
		};
		6B26F4A01E8635060048BD84 /* DrawerResult */ = {
			isa = PBXGroup;
			children = (
				6B26F4A11E8635060048BD84 /* AppDelegate.swift */,
				6BB0DC071E86806F005B300D /* MainViewController.swift */,
				6BB0DC091E86D2BE005B300D /* DrawerViewController.swift */,
				6BE5C7F41E890C72004543B7 /* PopViewController.swift */,
				6BB0DC0B1E86D2E0005B300D /* LeftMenuViewController.swift */,
				6B5719801E87CB3E004D89DC /* MessageViewController.swift */,
				6B26F4A51E8635060048BD84 /* Main.storyboard */,
				6B26F4B31E8636A20048BD84 /* Message.storyboard */,
				6B26F4B61E8637200048BD84 /* Linkman.storyboard */,
				6B26F4B81E8637620048BD84 /* Dynamic.storyboard */,
				6B26F4A81E8635060048BD84 /* Assets.xcassets */,
				6B26F4AA1E8635060048BD84 /* LaunchScreen.storyboard */,
				6B26F4AD1E8635060048BD84 /* Info.plist */,
			);
			path = DrawerResult;
			sourceTree = "<group>";
		};
/* End PBXGroup section */

/* Begin PBXNativeTarget section */
		6B26F49D1E8635060048BD84 /* DrawerResult */ = {
			isa = PBXNativeTarget;
			buildConfigurationList = 6B26F4B01E8635060048BD84 /* Build configuration list for PBXNativeTarget "DrawerResult" */;
			buildPhases = (
				6B26F49A1E8635060048BD84 /* Sources */,
				6B26F49B1E8635060048BD84 /* Frameworks */,
				6B26F49C1E8635060048BD84 /* Resources */,
			);
			buildRules = (
			);
			dependencies = (
			);
			name = DrawerResult;
			productName = DrawerResult;
			productReference = 6B26F49E1E8635060048BD84 /* DrawerResult.app */;
			productType = "com.apple.product-type.application";
		};
/* End PBXNativeTarget section */

/* Begin PBXProject section */
		6B26F4961E8635060048BD84 /* Project object */ = {
			isa = PBXProject;
			attributes = {
				LastSwiftUpdateCheck = 0820;
				LastUpgradeCheck = 0820;
				ORGANIZATIONNAME = LC;
				TargetAttributes = {
					6B26F49D1E8635060048BD84 = {
						CreatedOnToolsVersion = 8.2.1;
						ProvisioningStyle = Automatic;
					};
				};
			};
			buildConfigurationList = 6B26F4991E8635060048BD84 /* Build configuration list for PBXProject "DrawerResult" */;
			compatibilityVersion = "Xcode 3.2";
			developmentRegion = English;
			hasScannedForEncodings = 0;
			knownRegions = (
				en,
				Base,
			);
			mainGroup = 6B26F4951E8635060048BD84;
			productRefGroup = 6B26F49F1E8635060048BD84 /* Products */;
			projectDirPath = "";
			projectRoot = "";
			targets = (
				6B26F49D1E8635060048BD84 /* DrawerResult */,
			);
		};
/* End PBXProject section */

/* Begin PBXResourcesBuildPhase section */
		6B26F49C1E8635060048BD84 /* Resources */ = {
			isa = PBXResourcesBuildPhase;
			buildActionMask = 2147483647;
			files = (
				6B26F4AC1E8635060048BD84 /* LaunchScreen.storyboard in Resources */,
				6B26F4A91E8635060048BD84 /* Assets.xcassets in Resources */,
				6B26F4B71E8637200048BD84 /* Linkman.storyboard in Resources */,
				6B26F4B51E8636A20048BD84 /* Message.storyboard in Resources */,
				6B26F4BA1E8637620048BD84 /* Dynamic.storyboard in Resources */,
				6B26F4A71E8635060048BD84 /* Main.storyboard in Resources */,
			);
			runOnlyForDeploymentPostprocessing = 0;
		};
/* End PBXResourcesBuildPhase section */

/* Begin PBXSourcesBuildPhase section */
		6B26F49A1E8635060048BD84 /* Sources */ = {
			isa = PBXSourcesBuildPhase;
			buildActionMask = 2147483647;
			files = (
				6B26F4A21E8635060048BD84 /* AppDelegate.swift in Sources */,
				6BB0DC081E86806F005B300D /* MainViewController.swift in Sources */,
				6BE5C7F51E890C72004543B7 /* PopViewController.swift in Sources */,
				6BB0DC0C1E86D2E0005B300D /* LeftMenuViewController.swift in Sources */,
				6BB0DC0A1E86D2BE005B300D /* DrawerViewController.swift in Sources */,
				6B5719811E87CB3E004D89DC /* MessageViewController.swift in Sources */,
			);
			runOnlyForDeploymentPostprocessing = 0;
		};
/* End PBXSourcesBuildPhase section */

/* Begin PBXVariantGroup section */
		6B26F4A51E8635060048BD84 /* Main.storyboard */ = {
			isa = PBXVariantGroup;
			children = (
				6B26F4A61E8635060048BD84 /* Base */,
			);
			name = Main.storyboard;
			sourceTree = "<group>";
		};
		6B26F4AA1E8635060048BD84 /* LaunchScreen.storyboard */ = {
			isa = PBXVariantGroup;
			children = (
				6B26F4AB1E8635060048BD84 /* Base */,
			);
			name = LaunchScreen.storyboard;
			sourceTree = "<group>";
		};
		6B26F4B31E8636A20048BD84 /* Message.storyboard */ = {
			isa = PBXVariantGroup;
			children = (
				6B26F4B41E8636A20048BD84 /* Base */,
			);
			name = Message.storyboard;
			sourceTree = "<group>";
		};
		6B26F4B81E8637620048BD84 /* Dynamic.storyboard */ = {
			isa = PBXVariantGroup;
			children = (
				6B26F4B91E8637620048BD84 /* Base */,
			);
			name = Dynamic.storyboard;
			sourceTree = "<group>";
		};
/* End PBXVariantGroup section */

/* Begin XCBuildConfiguration section */
		6B26F4AE1E8635060048BD84 /* Debug */ = {
			isa = XCBuildConfiguration;
			buildSettings = {
				ALWAYS_SEARCH_USER_PATHS = NO;
				CLANG_ANALYZER_NONNULL = YES;
				CLANG_CXX_LANGUAGE_STANDARD = "gnu++0x";
				CLANG_CXX_LIBRARY = "libc++";
				CLANG_ENABLE_MODULES = YES;
				CLANG_ENABLE_OBJC_ARC = YES;
				CLANG_WARN_BOOL_CONVERSION = YES;
				CLANG_WARN_CONSTANT_CONVERSION = YES;
				CLANG_WARN_DIRECT_OBJC_ISA_USAGE = YES_ERROR;
				CLANG_WARN_DOCUMENTATION_COMMENTS = YES;
				CLANG_WARN_EMPTY_BODY = YES;
				CLANG_WARN_ENUM_CONVERSION = YES;
				CLANG_WARN_INFINITE_RECURSION = YES;
				CLANG_WARN_INT_CONVERSION = YES;
				CLANG_WARN_OBJC_ROOT_CLASS = YES_ERROR;
				CLANG_WARN_SUSPICIOUS_MOVE = YES;
				CLANG_WARN_UNREACHABLE_CODE = YES;
				CLANG_WARN__DUPLICATE_METHOD_MATCH = YES;
				"CODE_SIGN_IDENTITY[sdk=iphoneos*]" = "iPhone Developer";
				COPY_PHASE_STRIP = NO;
				DEBUG_INFORMATION_FORMAT = dwarf;
				ENABLE_STRICT_OBJC_MSGSEND = YES;
				ENABLE_TESTABILITY = YES;
				GCC_C_LANGUAGE_STANDARD = gnu99;
				GCC_DYNAMIC_NO_PIC = NO;
				GCC_NO_COMMON_BLOCKS = YES;
				GCC_OPTIMIZATION_LEVEL = 0;
				GCC_PREPROCESSOR_DEFINITIONS = (
					"DEBUG=1",
					"$(inherited)",
				);
				GCC_WARN_64_TO_32_BIT_CONVERSION = YES;
				GCC_WARN_ABOUT_RETURN_TYPE = YES_ERROR;
				GCC_WARN_UNDECLARED_SELECTOR = YES;
				GCC_WARN_UNINITIALIZED_AUTOS = YES_AGGRESSIVE;
				GCC_WARN_UNUSED_FUNCTION = YES;
				GCC_WARN_UNUSED_VARIABLE = YES;
				IPHONEOS_DEPLOYMENT_TARGET = 10.2;
				MTL_ENABLE_DEBUG_INFO = YES;
				ONLY_ACTIVE_ARCH = YES;
				SDKROOT = iphoneos;
				SWIFT_ACTIVE_COMPILATION_CONDITIONS = DEBUG;
				SWIFT_OPTIMIZATION_LEVEL = "-Onone";
				TARGETED_DEVICE_FAMILY = "1,2";
			};
			name = Debug;
		};
		6B26F4AF1E8635060048BD84 /* Release */ = {
			isa = XCBuildConfiguration;
			buildSettings = {
				ALWAYS_SEARCH_USER_PATHS = NO;
				CLANG_ANALYZER_NONNULL = YES;
				CLANG_CXX_LANGUAGE_STANDARD = "gnu++0x";
				CLANG_CXX_LIBRARY = "libc++";
				CLANG_ENABLE_MODULES = YES;
				CLANG_ENABLE_OBJC_ARC = YES;
				CLANG_WARN_BOOL_CONVERSION = YES;
				CLANG_WARN_CONSTANT_CONVERSION = YES;
				CLANG_WARN_DIRECT_OBJC_ISA_USAGE = YES_ERROR;
				CLANG_WARN_DOCUMENTATION_COMMENTS = YES;
				CLANG_WARN_EMPTY_BODY = YES;
				CLANG_WARN_ENUM_CONVERSION = YES;
				CLANG_WARN_INFINITE_RECURSION = YES;
				CLANG_WARN_INT_CONVERSION = YES;
				CLANG_WARN_OBJC_ROOT_CLASS = YES_ERROR;
				CLANG_WARN_SUSPICIOUS_MOVE = YES;
				CLANG_WARN_UNREACHABLE_CODE = YES;
				CLANG_WARN__DUPLICATE_METHOD_MATCH = YES;
				"CODE_SIGN_IDENTITY[sdk=iphoneos*]" = "iPhone Developer";
				COPY_PHASE_STRIP = NO;
				DEBUG_INFORMATION_FORMAT = "dwarf-with-dsym";
				ENABLE_NS_ASSERTIONS = NO;
				ENABLE_STRICT_OBJC_MSGSEND = YES;
				GCC_C_LANGUAGE_STANDARD = gnu99;
				GCC_NO_COMMON_BLOCKS = YES;
				GCC_WARN_64_TO_32_BIT_CONVERSION = YES;
				GCC_WARN_ABOUT_RETURN_TYPE = YES_ERROR;
				GCC_WARN_UNDECLARED_SELECTOR = YES;
				GCC_WARN_UNINITIALIZED_AUTOS = YES_AGGRESSIVE;
				GCC_WARN_UNUSED_FUNCTION = YES;
				GCC_WARN_UNUSED_VARIABLE = YES;
				IPHONEOS_DEPLOYMENT_TARGET = 10.2;
				MTL_ENABLE_DEBUG_INFO = NO;
				SDKROOT = iphoneos;
				SWIFT_OPTIMIZATION_LEVEL = "-Owholemodule";
				TARGETED_DEVICE_FAMILY = "1,2";
				VALIDATE_PRODUCT = YES;
			};
			name = Release;
		};
		6B26F4B11E8635060048BD84 /* Debug */ = {
			isa = XCBuildConfiguration;
			buildSettings = {
				ASSETCATALOG_COMPILER_APPICON_NAME = AppIcon;
				INFOPLIST_FILE = DrawerResult/Info.plist;
				LD_RUNPATH_SEARCH_PATHS = "$(inherited) @executable_path/Frameworks";
				PRODUCT_BUNDLE_IDENTIFIER = com.LC.DrawerResult;
				PRODUCT_NAME = "$(TARGET_NAME)";
				SWIFT_VERSION = 3.0;
			};
			name = Debug;
		};
		6B26F4B21E8635060048BD84 /* Release */ = {
			isa = XCBuildConfiguration;
			buildSettings = {
				ASSETCATALOG_COMPILER_APPICON_NAME = AppIcon;
				INFOPLIST_FILE = DrawerResult/Info.plist;
				LD_RUNPATH_SEARCH_PATHS = "$(inherited) @executable_path/Frameworks";
				PRODUCT_BUNDLE_IDENTIFIER = com.LC.DrawerResult;
				PRODUCT_NAME = "$(TARGET_NAME)";
				SWIFT_VERSION = 3.0;
			};
			name = Release;
		};
/* End XCBuildConfiguration section */

/* Begin XCConfigurationList section */
		6B26F4991E8635060048BD84 /* Build configuration list for PBXProject "DrawerResult" */ = {
			isa = XCConfigurationList;
			buildConfigurations = (
				6B26F4AE1E8635060048BD84 /* Debug */,
				6B26F4AF1E8635060048BD84 /* Release */,
			);
			defaultConfigurationIsVisible = 0;
			defaultConfigurationName = Release;
		};
		6B26F4B01E8635060048BD84 /* Build configuration list for PBXNativeTarget "DrawerResult" */ = {
			isa = XCConfigurationList;
			buildConfigurations = (
				6B26F4B11E8635060048BD84 /* Debug */,
				6B26F4B21E8635060048BD84 /* Release */,
			);
			defaultConfigurationIsVisible = 0;
			defaultConfigurationName = Release;
		};
/* End XCConfigurationList section */
	};
	rootObject = 6B26F4961E8635060048BD84 /* Project object */;
}
